// !$*UTF8*$!
{
	archiveVersion = 1;
	classes = {
	};
	objectVersion = 48;
	objects = {

/* Begin PBXBuildFile section */
		6DC73F281F9AB1820064E5AC /* AppDelegate.swift in Sources */ = {isa = PBXBuildFile; fileRef = 6DC73F271F9AB1820064E5AC /* AppDelegate.swift */; };
		6DC73F2A1F9AB1820064E5AC /* ViewController.swift in Sources */ = {isa = PBXBuildFile; fileRef = 6DC73F291F9AB1820064E5AC /* ViewController.swift */; };
		6DC73F2D1F9AB1820064E5AC /* Main.storyboard in Resources */ = {isa = PBXBuildFile; fileRef = 6DC73F2B1F9AB1820064E5AC /* Main.storyboard */; };
		6DC73F2F1F9AB1820064E5AC /* Assets.xcassets in Resources */ = {isa = PBXBuildFile; fileRef = 6DC73F2E1F9AB1820064E5AC /* Assets.xcassets */; };
		6DC73F321F9AB1820064E5AC /* LaunchScreen.storyboard in Resources */ = {isa = PBXBuildFile; fileRef = 6DC73F301F9AB1820064E5AC /* LaunchScreen.storyboard */; };
		6DC73F3D1F9AB1820064E5AC /* TouchTrackerTests.swift in Sources */ = {isa = PBXBuildFile; fileRef = 6DC73F3C1F9AB1820064E5AC /* TouchTrackerTests.swift */; };
		6DC73F481F9AB1820064E5AC /* TouchTrackerUITests.swift in Sources */ = {isa = PBXBuildFile; fileRef = 6DC73F471F9AB1820064E5AC /* TouchTrackerUITests.swift */; };
/* End PBXBuildFile section */

/* Begin PBXContainerItemProxy section */
		6DC73F391F9AB1820064E5AC /* PBXContainerItemProxy */ = {
			isa = PBXContainerItemProxy;
			containerPortal = 6DC73F1C1F9AB1820064E5AC /* Project object */;
			proxyType = 1;
			remoteGlobalIDString = 6DC73F231F9AB1820064E5AC;
			remoteInfo = TouchTracker;
		};
		6DC73F441F9AB1820064E5AC /* PBXContainerItemProxy */ = {
			isa = PBXContainerItemProxy;
			containerPortal = 6DC73F1C1F9AB1820064E5AC /* Project object */;
			proxyType = 1;
			remoteGlobalIDString = 6DC73F231F9AB1820064E5AC;
			remoteInfo = TouchTracker;
		};
/* End PBXContainerItemProxy section */

/* Begin PBXFileReference section */
		6DC73F241F9AB1820064E5AC /* TouchTracker.app */ = {isa = PBXFileReference; explicitFileType = wrapper.application; includeInIndex = 0; path = TouchTracker.app; sourceTree = BUILT_PRODUCTS_DIR; };
		6DC73F271F9AB1820064E5AC /* AppDelegate.swift */ = {isa = PBXFileReference; lastKnownFileType = sourcecode.swift; path = AppDelegate.swift; sourceTree = "<group>"; };
		6DC73F291F9AB1820064E5AC /* ViewController.swift */ = {isa = PBXFileReference; lastKnownFileType = sourcecode.swift; path = ViewController.swift; sourceTree = "<group>"; };
		6DC73F2C1F9AB1820064E5AC /* Base */ = {isa = PBXFileReference; lastKnownFileType = file.storyboard; name = Base; path = Base.lproj/Main.storyboard; sourceTree = "<group>"; };
		6DC73F2E1F9AB1820064E5AC /* Assets.xcassets */ = {isa = PBXFileReference; lastKnownFileType = folder.assetcatalog; path = Assets.xcassets; sourceTree = "<group>"; };
		6DC73F311F9AB1820064E5AC /* Base */ = {isa = PBXFileReference; lastKnownFileType = file.storyboard; name = Base; path = Base.lproj/LaunchScreen.storyboard; sourceTree = "<group>"; };
		6DC73F331F9AB1820064E5AC /* Info.plist */ = {isa = PBXFileReference; lastKnownFileType = text.plist.xml; path = Info.plist; sourceTree = "<group>"; };
		6DC73F381F9AB1820064E5AC /* TouchTrackerTests.xctest */ = {isa = PBXFileReference; explicitFileType = wrapper.cfbundle; includeInIndex = 0; path = TouchTrackerTests.xctest; sourceTree = BUILT_PRODUCTS_DIR; };
		6DC73F3C1F9AB1820064E5AC /* TouchTrackerTests.swift */ = {isa = PBXFileReference; lastKnownFileType = sourcecode.swift; path = TouchTrackerTests.swift; sourceTree = "<group>"; };
		6DC73F3E1F9AB1820064E5AC /* Info.plist */ = {isa = PBXFileReference; lastKnownFileType = text.plist.xml; path = Info.plist; sourceTree = "<group>"; };
		6DC73F431F9AB1820064E5AC /* TouchTrackerUITests.xctest */ = {isa = PBXFileReference; explicitFileType = wrapper.cfbundle; includeInIndex = 0; path = TouchTrackerUITests.xctest; sourceTree = BUILT_PRODUCTS_DIR; };
		6DC73F471F9AB1820064E5AC /* TouchTrackerUITests.swift */ = {isa = PBXFileReference; lastKnownFileType = sourcecode.swift; path = TouchTrackerUITests.swift; sourceTree = "<group>"; };
		6DC73F491F9AB1820064E5AC /* Info.plist */ = {isa = PBXFileReference; lastKnownFileType = text.plist.xml; path = Info.plist; sourceTree = "<group>"; };
/* End PBXFileReference section */

/* Begin PBXFrameworksBuildPhase section */
		6DC73F211F9AB1820064E5AC /* Frameworks */ = {
			isa = PBXFrameworksBuildPhase;
			buildActionMask = 2147483647;
			files = (
			);
			runOnlyForDeploymentPostprocessing = 0;
		};
		6DC73F351F9AB1820064E5AC /* Frameworks */ = {
			isa = PBXFrameworksBuildPhase;
			buildActionMask = 2147483647;
			files = (
			);
			runOnlyForDeploymentPostprocessing = 0;
		};
		6DC73F401F9AB1820064E5AC /* Frameworks */ = {
			isa = PBXFrameworksBuildPhase;
			buildActionMask = 2147483647;
			files = (
			);
			runOnlyForDeploymentPostprocessing = 0;
		};
/* End PBXFrameworksBuildPhase section */

/* Begin PBXGroup section */
		6DC73F1B1F9AB1820064E5AC = {
			isa = PBXGroup;
			children = (
				6DC73F261F9AB1820064E5AC /* TouchTracker */,
				6DC73F3B1F9AB1820064E5AC /* TouchTrackerTests */,
				6DC73F461F9AB1820064E5AC /* TouchTrackerUITests */,
				6DC73F251F9AB1820064E5AC /* Products */,
			);
			sourceTree = "<group>";
		};
		6DC73F251F9AB1820064E5AC /* Products */ = {
			isa = PBXGroup;
			children = (
				6DC73F241F9AB1820064E5AC /* TouchTracker.app */,
				6DC73F381F9AB1820064E5AC /* TouchTrackerTests.xctest */,
				6DC73F431F9AB1820064E5AC /* TouchTrackerUITests.xctest */,
			);
			name = Products;
			sourceTree = "<group>";
		};
		6DC73F261F9AB1820064E5AC /* TouchTracker */ = {
			isa = PBXGroup;
			children = (
				6DC73F271F9AB1820064E5AC /* AppDelegate.swift */,
				6DC73F291F9AB1820064E5AC /* ViewController.swift */,
				6DC73F2B1F9AB1820064E5AC /* Main.storyboard */,
				6DC73F2E1F9AB1820064E5AC /* Assets.xcassets */,
				6DC73F301F9AB1820064E5AC /* LaunchScreen.storyboard */,
				6DC73F331F9AB1820064E5AC /* Info.plist */,
			);
			path = TouchTracker;
			sourceTree = "<group>";
		};
		6DC73F3B1F9AB1820064E5AC /* TouchTrackerTests */ = {
			isa = PBXGroup;
			children = (
				6DC73F3C1F9AB1820064E5AC /* TouchTrackerTests.swift */,
				6DC73F3E1F9AB1820064E5AC /* Info.plist */,
			);
			path = TouchTrackerTests;
			sourceTree = "<group>";
		};
		6DC73F461F9AB1820064E5AC /* TouchTrackerUITests */ = {
			isa = PBXGroup;
			children = (
				6DC73F471F9AB1820064E5AC /* TouchTrackerUITests.swift */,
				6DC73F491F9AB1820064E5AC /* Info.plist */,
			);
			path = TouchTrackerUITests;
			sourceTree = "<group>";
		};
/* End PBXGroup section */

/* Begin PBXNativeTarget section */
		6DC73F231F9AB1820064E5AC /* TouchTracker */ = {
			isa = PBXNativeTarget;
			buildConfigurationList = 6DC73F4C1F9AB1820064E5AC /* Build configuration list for PBXNativeTarget "TouchTracker" */;
			buildPhases = (
				6DC73F201F9AB1820064E5AC /* Sources */,
				6DC73F211F9AB1820064E5AC /* Frameworks */,
				6DC73F221F9AB1820064E5AC /* Resources */,
			);
			buildRules = (
			);
			dependencies = (
			);
			name = TouchTracker;
			productName = TouchTracker;
			productReference = 6DC73F241F9AB1820064E5AC /* TouchTracker.app */;
			productType = "com.apple.product-type.application";
		};
		6DC73F371F9AB1820064E5AC /* TouchTrackerTests */ = {
			isa = PBXNativeTarget;
			buildConfigurationList = 6DC73F4F1F9AB1820064E5AC /* Build configuration list for PBXNativeTarget "TouchTrackerTests" */;
			buildPhases = (
				6DC73F341F9AB1820064E5AC /* Sources */,
				6DC73F351F9AB1820064E5AC /* Frameworks */,
				6DC73F361F9AB1820064E5AC /* Resources */,
			);
			buildRules = (
			);
			dependencies = (
				6DC73F3A1F9AB1820064E5AC /* PBXTargetDependency */,
			);
			name = TouchTrackerTests;
			productName = TouchTrackerTests;
			productReference = 6DC73F381F9AB1820064E5AC /* TouchTrackerTests.xctest */;
			productType = "com.apple.product-type.bundle.unit-test";
		};
		6DC73F421F9AB1820064E5AC /* TouchTrackerUITests */ = {
			isa = PBXNativeTarget;
			buildConfigurationList = 6DC73F521F9AB1820064E5AC /* Build configuration list for PBXNativeTarget "TouchTrackerUITests" */;
			buildPhases = (
				6DC73F3F1F9AB1820064E5AC /* Sources */,
				6DC73F401F9AB1820064E5AC /* Frameworks */,
				6DC73F411F9AB1820064E5AC /* Resources */,
			);
			buildRules = (
			);
			dependencies = (
				6DC73F451F9AB1820064E5AC /* PBXTargetDependency */,
			);
			name = TouchTrackerUITests;
			productName = TouchTrackerUITests;
			productReference = 6DC73F431F9AB1820064E5AC /* TouchTrackerUITests.xctest */;
			productType = "com.apple.product-type.bundle.ui-testing";
		};
/* End PBXNativeTarget section */

/* Begin PBXProject section */
		6DC73F1C1F9AB1820064E5AC /* Project object */ = {
			isa = PBXProject;
			attributes = {
				LastSwiftUpdateCheck = 0900;
				LastUpgradeCheck = 0900;
				ORGANIZATIONNAME = "Danny Espina";
				TargetAttributes = {
					6DC73F231F9AB1820064E5AC = {
						CreatedOnToolsVersion = 9.0.1;
						ProvisioningStyle = Automatic;
					};
					6DC73F371F9AB1820064E5AC = {
						CreatedOnToolsVersion = 9.0.1;
						ProvisioningStyle = Automatic;
						TestTargetID = 6DC73F231F9AB1820064E5AC;
					};
					6DC73F421F9AB1820064E5AC = {
						CreatedOnToolsVersion = 9.0.1;
						ProvisioningStyle = Automatic;
						TestTargetID = 6DC73F231F9AB1820064E5AC;
					};
				};
			};
			buildConfigurationList = 6DC73F1F1F9AB1820064E5AC /* Build configuration list for PBXProject "TouchTracker" */;
			compatibilityVersion = "Xcode 8.0";
			developmentRegion = en;
			hasScannedForEncodings = 0;
			knownRegions = (
				en,
				Base,
			);
			mainGroup = 6DC73F1B1F9AB1820064E5AC;
			productRefGroup = 6DC73F251F9AB1820064E5AC /* Products */;
			projectDirPath = "";
			projectRoot = "";
			targets = (
				6DC73F231F9AB1820064E5AC /* TouchTracker */,
				6DC73F371F9AB1820064E5AC /* TouchTrackerTests */,
				6DC73F421F9AB1820064E5AC /* TouchTrackerUITests */,
			);
		};
/* End PBXProject section */

/* Begin PBXResourcesBuildPhase section */
		6DC73F221F9AB1820064E5AC /* Resources */ = {
			isa = PBXResourcesBuildPhase;
			buildActionMask = 2147483647;
			files = (
				6DC73F321F9AB1820064E5AC /* LaunchScreen.storyboard in Resources */,
				6DC73F2F1F9AB1820064E5AC /* Assets.xcassets in Resources */,
				6DC73F2D1F9AB1820064E5AC /* Main.storyboard in Resources */,
			);
			runOnlyForDeploymentPostprocessing = 0;
		};
		6DC73F361F9AB1820064E5AC /* Resources */ = {
			isa = PBXResourcesBuildPhase;
			buildActionMask = 2147483647;
			files = (
			);
			runOnlyForDeploymentPostprocessing = 0;
		};
		6DC73F411F9AB1820064E5AC /* Resources */ = {
			isa = PBXResourcesBuildPhase;
			buildActionMask = 2147483647;
			files = (
			);
			runOnlyForDeploymentPostprocessing = 0;
		};
/* End PBXResourcesBuildPhase section */

/* Begin PBXSourcesBuildPhase section */
		6DC73F201F9AB1820064E5AC /* Sources */ = {
			isa = PBXSourcesBuildPhase;
			buildActionMask = 2147483647;
			files = (
				6DC73F2A1F9AB1820064E5AC /* ViewController.swift in Sources */,
				6DC73F281F9AB1820064E5AC /* AppDelegate.swift in Sources */,
			);
			runOnlyForDeploymentPostprocessing = 0;
		};
		6DC73F341F9AB1820064E5AC /* Sources */ = {
			isa = PBXSourcesBuildPhase;
			buildActionMask = 2147483647;
			files = (
				6DC73F3D1F9AB1820064E5AC /* TouchTrackerTests.swift in Sources */,
			);
			runOnlyForDeploymentPostprocessing = 0;
		};
		6DC73F3F1F9AB1820064E5AC /* Sources */ = {
			isa = PBXSourcesBuildPhase;
			buildActionMask = 2147483647;
			files = (
				6DC73F481F9AB1820064E5AC /* TouchTrackerUITests.swift in Sources */,
			);
			runOnlyForDeploymentPostprocessing = 0;
		};
/* End PBXSourcesBuildPhase section */

/* Begin PBXTargetDependency section */
		6DC73F3A1F9AB1820064E5AC /* PBXTargetDependency */ = {
			isa = PBXTargetDependency;
			target = 6DC73F231F9AB1820064E5AC /* TouchTracker */;
			targetProxy = 6DC73F391F9AB1820064E5AC /* PBXContainerItemProxy */;
		};
		6DC73F451F9AB1820064E5AC /* PBXTargetDependency */ = {
			isa = PBXTargetDependency;
			target = 6DC73F231F9AB1820064E5AC /* TouchTracker */;
			targetProxy = 6DC73F441F9AB1820064E5AC /* PBXContainerItemProxy */;
		};
/* End PBXTargetDependency section */

/* Begin PBXVariantGroup section */
		6DC73F2B1F9AB1820064E5AC /* Main.storyboard */ = {
			isa = PBXVariantGroup;
			children = (
				6DC73F2C1F9AB1820064E5AC /* Base */,
			);
			name = Main.storyboard;
			sourceTree = "<group>";
		};
		6DC73F301F9AB1820064E5AC /* LaunchScreen.storyboard */ = {
			isa = PBXVariantGroup;
			children = (
				6DC73F311F9AB1820064E5AC /* Base */,
			);
			name = LaunchScreen.storyboard;
			sourceTree = "<group>";
		};
/* End PBXVariantGroup section */

/* Begin XCBuildConfiguration section */
		6DC73F4A1F9AB1820064E5AC /* Debug */ = {
			isa = XCBuildConfiguration;
			buildSettings = {
				ALWAYS_SEARCH_USER_PATHS = NO;
				CLANG_ANALYZER_NONNULL = YES;
				CLANG_ANALYZER_NUMBER_OBJECT_CONVERSION = YES_AGGRESSIVE;
				CLANG_CXX_LANGUAGE_STANDARD = "gnu++14";
				CLANG_CXX_LIBRARY = "libc++";
				CLANG_ENABLE_MODULES = YES;
				CLANG_ENABLE_OBJC_ARC = YES;
				CLANG_WARN_BLOCK_CAPTURE_AUTORELEASING = YES;
				CLANG_WARN_BOOL_CONVERSION = YES;
				CLANG_WARN_COMMA = YES;
				CLANG_WARN_CONSTANT_CONVERSION = YES;
				CLANG_WARN_DIRECT_OBJC_ISA_USAGE = YES_ERROR;
				CLANG_WARN_DOCUMENTATION_COMMENTS = YES;
				CLANG_WARN_EMPTY_BODY = YES;
				CLANG_WARN_ENUM_CONVERSION = YES;
				CLANG_WARN_INFINITE_RECURSION = YES;
				CLANG_WARN_INT_CONVERSION = YES;
				CLANG_WARN_NON_LITERAL_NULL_CONVERSION = YES;
				CLANG_WARN_OBJC_LITERAL_CONVERSION = YES;
				CLANG_WARN_OBJC_ROOT_CLASS = YES_ERROR;
				CLANG_WARN_RANGE_LOOP_ANALYSIS = YES;
				CLANG_WARN_STRICT_PROTOTYPES = YES;
				CLANG_WARN_SUSPICIOUS_MOVE = YES;
				CLANG_WARN_UNGUARDED_AVAILABILITY = YES_AGGRESSIVE;
				CLANG_WARN_UNREACHABLE_CODE = YES;
				CLANG_WARN__DUPLICATE_METHOD_MATCH = YES;
				CODE_SIGN_IDENTITY = "iPhone Developer";
				COPY_PHASE_STRIP = NO;
				DEBUG_INFORMATION_FORMAT = dwarf;
				ENABLE_STRICT_OBJC_MSGSEND = YES;
				ENABLE_TESTABILITY = YES;
				GCC_C_LANGUAGE_STANDARD = gnu11;
				GCC_DYNAMIC_NO_PIC = NO;
				GCC_NO_COMMON_BLOCKS = YES;
				GCC_OPTIMIZATION_LEVEL = 0;
				GCC_PREPROCESSOR_DEFINITIONS = (
					"DEBUG=1",
					"$(inherited)",
				);
				GCC_WARN_64_TO_32_BIT_CONVERSION = YES;
				GCC_WARN_ABOUT_RETURN_TYPE = YES_ERROR;
				GCC_WARN_UNDECLARED_SELECTOR = YES;
				GCC_WARN_UNINITIALIZED_AUTOS = YES_AGGRESSIVE;
				GCC_WARN_UNUSED_FUNCTION = YES;
				GCC_WARN_UNUSED_VARIABLE = YES;
				IPHONEOS_DEPLOYMENT_TARGET = 11.0;
				MTL_ENABLE_DEBUG_INFO = YES;
				ONLY_ACTIVE_ARCH = YES;
				SDKROOT = iphoneos;
				SWIFT_ACTIVE_COMPILATION_CONDITIONS = DEBUG;
				SWIFT_OPTIMIZATION_LEVEL = "-Onone";
			};
			name = Debug;
		};
		6DC73F4B1F9AB1820064E5AC /* Release */ = {
			isa = XCBuildConfiguration;
			buildSettings = {
				ALWAYS_SEARCH_USER_PATHS = NO;
				CLANG_ANALYZER_NONNULL = YES;
				CLANG_ANALYZER_NUMBER_OBJECT_CONVERSION = YES_AGGRESSIVE;
				CLANG_CXX_LANGUAGE_STANDARD = "gnu++14";
				CLANG_CXX_LIBRARY = "libc++";
				CLANG_ENABLE_MODULES = YES;
				CLANG_ENABLE_OBJC_ARC = YES;
				CLANG_WARN_BLOCK_CAPTURE_AUTORELEASING = YES;
				CLANG_WARN_BOOL_CONVERSION = YES;
				CLANG_WARN_COMMA = YES;
				CLANG_WARN_CONSTANT_CONVERSION = YES;
				CLANG_WARN_DIRECT_OBJC_ISA_USAGE = YES_ERROR;
				CLANG_WARN_DOCUMENTATION_COMMENTS = YES;
				CLANG_WARN_EMPTY_BODY = YES;
				CLANG_WARN_ENUM_CONVERSION = YES;
				CLANG_WARN_INFINITE_RECURSION = YES;
				CLANG_WARN_INT_CONVERSION = YES;
				CLANG_WARN_NON_LITERAL_NULL_CONVERSION = YES;
				CLANG_WARN_OBJC_LITERAL_CONVERSION = YES;
				CLANG_WARN_OBJC_ROOT_CLASS = YES_ERROR;
				CLANG_WARN_RANGE_LOOP_ANALYSIS = YES;
				CLANG_WARN_STRICT_PROTOTYPES = YES;
				CLANG_WARN_SUSPICIOUS_MOVE = YES;
				CLANG_WARN_UNGUARDED_AVAILABILITY = YES_AGGRESSIVE;
				CLANG_WARN_UNREACHABLE_CODE = YES;
				CLANG_WARN__DUPLICATE_METHOD_MATCH = YES;
				CODE_SIGN_IDENTITY = "iPhone Developer";
				COPY_PHASE_STRIP = NO;
				DEBUG_INFORMATION_FORMAT = "dwarf-with-dsym";
				ENABLE_NS_ASSERTIONS = NO;
				ENABLE_STRICT_OBJC_MSGSEND = YES;
				GCC_C_LANGUAGE_STANDARD = gnu11;
				GCC_NO_COMMON_BLOCKS = YES;
				GCC_WARN_64_TO_32_BIT_CONVERSION = YES;
				GCC_WARN_ABOUT_RETURN_TYPE = YES_ERROR;
				GCC_WARN_UNDECLARED_SELECTOR = YES;
				GCC_WARN_UNINITIALIZED_AUTOS = YES_AGGRESSIVE;
				GCC_WARN_UNUSED_FUNCTION = YES;
				GCC_WARN_UNUSED_VARIABLE = YES;
				IPHONEOS_DEPLOYMENT_TARGET = 11.0;
				MTL_ENABLE_DEBUG_INFO = NO;
				SDKROOT = iphoneos;
				SWIFT_OPTIMIZATION_LEVEL = "-Owholemodule";
				VALIDATE_PRODUCT = YES;
			};
			name = Release;
		};
		6DC73F4D1F9AB1820064E5AC /* Debug */ = {
			isa = XCBuildConfiguration;
			buildSettings = {
				ASSETCATALOG_COMPILER_APPICON_NAME = AppIcon;
				CODE_SIGN_STYLE = Automatic;
				DEVELOPMENT_TEAM = 3YUW7M5MK8;
				INFOPLIST_FILE = TouchTracker/Info.plist;
				LD_RUNPATH_SEARCH_PATHS = "$(inherited) @executable_path/Frameworks";
				PRODUCT_BUNDLE_IDENTIFIER = dannyespina.TouchTracker;
				PRODUCT_NAME = "$(TARGET_NAME)";
				SWIFT_VERSION = 4.0;
				TARGETED_DEVICE_FAMILY = "1,2";
			};
			name = Debug;
		};
		6DC73F4E1F9AB1820064E5AC /* Release */ = {
			isa = XCBuildConfiguration;
			buildSettings = {
				ASSETCATALOG_COMPILER_APPICON_NAME = AppIcon;
				CODE_SIGN_STYLE = Automatic;
				DEVELOPMENT_TEAM = 3YUW7M5MK8;
				INFOPLIST_FILE = TouchTracker/Info.plist;
				LD_RUNPATH_SEARCH_PATHS = "$(inherited) @executable_path/Frameworks";
				PRODUCT_BUNDLE_IDENTIFIER = dannyespina.TouchTracker;
				PRODUCT_NAME = "$(TARGET_NAME)";
				SWIFT_VERSION = 4.0;
				TARGETED_DEVICE_FAMILY = "1,2";
			};
			name = Release;
		};
		6DC73F501F9AB1820064E5AC /* Debug */ = {
			isa = XCBuildConfiguration;
			buildSettings = {
				ALWAYS_EMBED_SWIFT_STANDARD_LIBRARIES = YES;
				BUNDLE_LOADER = "$(TEST_HOST)";
				CODE_SIGN_STYLE = Automatic;
				DEVELOPMENT_TEAM = 3YUW7M5MK8;
				INFOPLIST_FILE = TouchTrackerTests/Info.plist;
				LD_RUNPATH_SEARCH_PATHS = "$(inherited) @executable_path/Frameworks @loader_path/Frameworks";
				PRODUCT_BUNDLE_IDENTIFIER = dannyespina.TouchTrackerTests;
				PRODUCT_NAME = "$(TARGET_NAME)";
				SWIFT_VERSION = 4.0;
				TARGETED_DEVICE_FAMILY = "1,2";
				TEST_HOST = "$(BUILT_PRODUCTS_DIR)/TouchTracker.app/TouchTracker";
			};
			name = Debug;
		};
		6DC73F511F9AB1820064E5AC /* Release */ = {
			isa = XCBuildConfiguration;
			buildSettings = {
				ALWAYS_EMBED_SWIFT_STANDARD_LIBRARIES = YES;
				BUNDLE_LOADER = "$(TEST_HOST)";
				CODE_SIGN_STYLE = Automatic;
				DEVELOPMENT_TEAM = 3YUW7M5MK8;
				INFOPLIST_FILE = TouchTrackerTests/Info.plist;
				LD_RUNPATH_SEARCH_PATHS = "$(inherited) @executable_path/Frameworks @loader_path/Frameworks";
				PRODUCT_BUNDLE_IDENTIFIER = dannyespina.TouchTrackerTests;
				PRODUCT_NAME = "$(TARGET_NAME)";
				SWIFT_VERSION = 4.0;
				TARGETED_DEVICE_FAMILY = "1,2";
				TEST_HOST = "$(BUILT_PRODUCTS_DIR)/TouchTracker.app/TouchTracker";
			};
			name = Release;
		};
		6DC73F531F9AB1820064E5AC /* Debug */ = {
			isa = XCBuildConfiguration;
			buildSettings = {
				ALWAYS_EMBED_SWIFT_STANDARD_LIBRARIES = YES;
				CODE_SIGN_STYLE = Automatic;
				DEVELOPMENT_TEAM = 3YUW7M5MK8;
				INFOPLIST_FILE = TouchTrackerUITests/Info.plist;
				LD_RUNPATH_SEARCH_PATHS = "$(inherited) @executable_path/Frameworks @loader_path/Frameworks";
				PRODUCT_BUNDLE_IDENTIFIER = dannyespina.TouchTrackerUITests;
				PRODUCT_NAME = "$(TARGET_NAME)";
				SWIFT_VERSION = 4.0;
				TARGETED_DEVICE_FAMILY = "1,2";
				TEST_TARGET_NAME = TouchTracker;
			};
			name = Debug;
		};
		6DC73F541F9AB1820064E5AC /* Release */ = {
			isa = XCBuildConfiguration;
			buildSettings = {
				ALWAYS_EMBED_SWIFT_STANDARD_LIBRARIES = YES;
				CODE_SIGN_STYLE = Automatic;
				DEVELOPMENT_TEAM = 3YUW7M5MK8;
				INFOPLIST_FILE = TouchTrackerUITests/Info.plist;
				LD_RUNPATH_SEARCH_PATHS = "$(inherited) @executable_path/Frameworks @loader_path/Frameworks";
				PRODUCT_BUNDLE_IDENTIFIER = dannyespina.TouchTrackerUITests;
				PRODUCT_NAME = "$(TARGET_NAME)";
				SWIFT_VERSION = 4.0;
				TARGETED_DEVICE_FAMILY = "1,2";
				TEST_TARGET_NAME = TouchTracker;
			};
			name = Release;
		};
/* End XCBuildConfiguration section */

/* Begin XCConfigurationList section */
		6DC73F1F1F9AB1820064E5AC /* Build configuration list for PBXProject "TouchTracker" */ = {
			isa = XCConfigurationList;
			buildConfigurations = (
				6DC73F4A1F9AB1820064E5AC /* Debug */,
				6DC73F4B1F9AB1820064E5AC /* Release */,
			);
			defaultConfigurationIsVisible = 0;
			defaultConfigurationName = Release;
		};
		6DC73F4C1F9AB1820064E5AC /* Build configuration list for PBXNativeTarget "TouchTracker" */ = {
			isa = XCConfigurationList;
			buildConfigurations = (
				6DC73F4D1F9AB1820064E5AC /* Debug */,
				6DC73F4E1F9AB1820064E5AC /* Release */,
			);
			defaultConfigurationIsVisible = 0;
			defaultConfigurationName = Release;
		};
		6DC73F4F1F9AB1820064E5AC /* Build configuration list for PBXNativeTarget "TouchTrackerTests" */ = {
			isa = XCConfigurationList;
			buildConfigurations = (
				6DC73F501F9AB1820064E5AC /* Debug */,
				6DC73F511F9AB1820064E5AC /* Release */,
			);
			defaultConfigurationIsVisible = 0;
			defaultConfigurationName = Release;
		};
		6DC73F521F9AB1820064E5AC /* Build configuration list for PBXNativeTarget "TouchTrackerUITests" */ = {
			isa = XCConfigurationList;
			buildConfigurations = (
				6DC73F531F9AB1820064E5AC /* Debug */,
				6DC73F541F9AB1820064E5AC /* Release */,
			);
			defaultConfigurationIsVisible = 0;
			defaultConfigurationName = Release;
		};
/* End XCConfigurationList section */
	};
	rootObject = 6DC73F1C1F9AB1820064E5AC /* Project object */;
}
